
Microsoft Visual Studio Solution File, Format Version 12.00
# Visual Studio Version 17
VisualStudioVersion = 17.3.32922.545
MinimumVisualStudioVersion = 10.0.40219.1
Project("{8BC9CEB8-8B4A-11D0-8D11-00A0C91BC942}") = "dweight2", "dweight2\dweight2.vcxproj", "{A37BA3B4-BE25-4969-B425-C083EABE62E5}"
EndProject
Global
	GlobalSection(SolutionConfigurationPlatforms) = preSolution
		Debug|x64 = Debug|x64
		Debug|x86 = Debug|x86
		Release|x64 = Release|x64
		Release|x86 = Release|x86
	EndGlobalSection
	GlobalSection(ProjectConfigurationPlatforms) = postSolution
		{A37BA3B4-BE25-4969-B425-C083EABE62E5}.Debug|x64.ActiveCfg = Debug|x64
		{A37BA3B4-BE25-4969-B425-C083EABE62E5}.Debug|x64.Build.0 = Debug|x64
		{A37BA3B4-BE25-4969-B425-C083EABE62E5}.Debug|x86.ActiveCfg = Debug|Win32
		{A37BA3B4-BE25-4969-B425-C083EABE62E5}.Debug|x86.Build.0 = Debug|Win32
		{A37BA3B4-BE25-4969-B425-C083EABE62E5}.Release|x64.ActiveCfg = Release|x64
		{A37BA3B4-BE25-4969-B425-C083EABE62E5}.Release|x64.Build.0 = Release|x64
		{A37BA3B4-BE25-4969-B425-C083EABE62E5}.Release|x86.ActiveCfg = Release|Win32
		{A37BA3B4-BE25-4969-B425-C083EABE62E5}.Release|x86.Build.0 = Release|Win32
	EndGlobalSection
	GlobalSection(SolutionProperties) = preSolution
		HideSolutionNode = FALSE
	EndGlobalSection
	GlobalSection(ExtensibilityGlobals) = postSolution
		SolutionGuid = {2E441299-43B4-43EC-A076-4EB780084677}
	EndGlobalSection
EndGlobal
